
Microsoft Visual Studio Solution File, Format Version 12.00
# Visual Studio Version 17
VisualStudioVersion = 17.11.35222.181
MinimumVisualStudioVersion = 10.0.40219.1
Project("{FAE04EC0-301F-11D3-BF4B-00C04F79EFBC}") = "BankMngnt", "BankMngnt\BankMngnt.csproj", "{8767A055-09F1-40E3-B6F1-91995DC1C668}"
EndProject
Global
	GlobalSection(SolutionConfigurationPlatforms) = preSolution
		Debug|Any CPU = Debug|Any CPU
		Release|Any CPU = Release|Any CPU
	EndGlobalSection
	GlobalSection(ProjectConfigurationPlatforms) = postSolution
		{8767A055-09F1-40E3-B6F1-91995DC1C668}.Debug|Any CPU.ActiveCfg = Debug|Any CPU
		{8767A055-09F1-40E3-B6F1-91995DC1C668}.Debug|Any CPU.Build.0 = Debug|Any CPU
		{8767A055-09F1-40E3-B6F1-91995DC1C668}.Release|Any CPU.ActiveCfg = Release|Any CPU
		{8767A055-09F1-40E3-B6F1-91995DC1C668}.Release|Any CPU.Build.0 = Release|Any CPU
	EndGlobalSection
	GlobalSection(SolutionProperties) = preSolution
		HideSolutionNode = FALSE
	EndGlobalSection
	GlobalSection(ExtensibilityGlobals) = postSolution
		SolutionGuid = {DF15FEEC-A0D4-4CD6-B413-D19FB36E3EF6}
	EndGlobalSection
EndGlobal
